
Microsoft Visual Studio Solution File, Format Version 12.00
# Visual Studio 15
Project("{FAE04EC0-301F-11D3-BF4B-00C04F79EFBC}") = "Assembly-CSharp", "Assembly-CSharp.csproj", "{F11213C6-CAAB-C9C5-0CAC-90C933F79966}"
EndProject
Project("{FAE04EC0-301F-11D3-BF4B-00C04F79EFBC}") = "Assembly-CSharp-Editor", "Assembly-CSharp-Editor.csproj", "{B63739A0-94E3-743F-3EE2-32DA3D92D23C}"
EndProject
Global
	GlobalSection(SolutionConfigurationPlatforms) = preSolution
		Debug|Any CPU = Debug|Any CPU
		Release|Any CPU = Release|Any CPU
	EndGlobalSection
	GlobalSection(ProjectConfigurationPlatforms) = postSolution
		{F11213C6-CAAB-C9C5-0CAC-90C933F79966}.Debug|Any CPU.ActiveCfg = Debug|Any CPU
		{F11213C6-CAAB-C9C5-0CAC-90C933F79966}.Debug|Any CPU.Build.0 = Debug|Any CPU
		{F11213C6-CAAB-C9C5-0CAC-90C933F79966}.Release|Any CPU.ActiveCfg = Release|Any CPU
		{F11213C6-CAAB-C9C5-0CAC-90C933F79966}.Release|Any CPU.Build.0 = Release|Any CPU
		{B63739A0-94E3-743F-3EE2-32DA3D92D23C}.Debug|Any CPU.ActiveCfg = Debug|Any CPU
		{B63739A0-94E3-743F-3EE2-32DA3D92D23C}.Debug|Any CPU.Build.0 = Debug|Any CPU
		{B63739A0-94E3-743F-3EE2-32DA3D92D23C}.Release|Any CPU.ActiveCfg = Release|Any CPU
		{B63739A0-94E3-743F-3EE2-32DA3D92D23C}.Release|Any CPU.Build.0 = Release|Any CPU
	EndGlobalSection
	GlobalSection(SolutionProperties) = preSolution
		HideSolutionNode = FALSE
	EndGlobalSection
EndGlobal
